{
  "originHash" : "2e37b658d9b51cbc762cb3125959c5f3a39ac54be7f35d28883146f195a42ae7",
  "pins" : [
    {
      "identity" : "calendarkit",
      "kind" : "remoteSourceControl",
      "location" : "https://github.com/richardtop/CalendarKit.git",
      "state" : {
        "revision" : "92684acdffb76941268b6627f894274754771e41",
        "version" : "1.1.10"
      }
    },
    {
      "identity" : "swiftuimasonry",
      "kind" : "remoteSourceControl",
      "location" : "https://github.com/ciaranrobrien/SwiftUIMasonry.git",
      "state" : {
        "branch" : "main",
        "revision" : "651f84e32edd11919874fbd9167b50ecb60a72db"
      }
    }
  ],
  "version" : 3
}
