{
  "originHash" : "63cef95c753b1e24cc5cf8bfac5afd70c71ae5e786dfa0c096fd48bce0f40616",
  "pins" : [
    {
      "identity" : "calendarkit",
      "kind" : "remoteSourceControl",
      "location" : "https://github.com/richardtop/CalendarKit.git",
      "state" : {
        "revision" : "92684acdffb76941268b6627f894274754771e41",
        "version" : "1.1.10"
      }
    },
    {
      "identity" : "swiftuimasonry",
      "kind" : "remoteSourceControl",
      "location" : "https://github.com/ciaranrobrien/SwiftUIMasonry.git",
      "state" : {
        "branch" : "main",
        "revision" : "651f84e32edd11919874fbd9167b50ecb60a72db"
      }
    }
  ],
  "version" : 3
}
