// !$*UTF8*$!
{
	archiveVersion = 1;
	classes = {
	};
	objectVersion = 56;
	objects = {

/* Begin PBXBuildFile section */
		045F3C792C1037D7003F4430 /* ViewController.swift in Sources */ = {isa = PBXBuildFile; fileRef = 045F3C782C1037D7003F4430 /* ViewController.swift */; };
		045F3C802C108C9A003F4430 /* ClothImageDisplayView.swift in Sources */ = {isa = PBXBuildFile; fileRef = 045F3C7C2C108C9A003F4430 /* ClothImageDisplayView.swift */; };
		045F3C812C108C9A003F4430 /* ClothingItemView.swift in Sources */ = {isa = PBXBuildFile; fileRef = 045F3C7D2C108C9A003F4430 /* ClothingItemView.swift */; };
		045F3C822C108C9A003F4430 /* AddNewItemView.swift in Sources */ = {isa = PBXBuildFile; fileRef = 045F3C7E2C108C9A003F4430 /* AddNewItemView.swift */; };
		045F3C832C108C9A003F4430 /* ColorButton.swift in Sources */ = {isa = PBXBuildFile; fileRef = 045F3C7F2C108C9A003F4430 /* ColorButton.swift */; };
		046C68D22C109741000553F9 /* CalendarViewController.swift in Sources */ = {isa = PBXBuildFile; fileRef = 046C68D12C109741000553F9 /* CalendarViewController.swift */; };
		046C68D52C10975D000553F9 /* CalendarKit in Frameworks */ = {isa = PBXBuildFile; productRef = 046C68D42C10975D000553F9 /* CalendarKit */; };
		046C68D72C109781000553F9 /* SceneDelegate.swift in Sources */ = {isa = PBXBuildFile; fileRef = 046C68D62C109781000553F9 /* SceneDelegate.swift */; };
		046EFCF62C088158002C3E2A /* Event.swift in Sources */ = {isa = PBXBuildFile; fileRef = 046EFCF52C088158002C3E2A /* Event.swift */; };
		046EFCF82C0881F6002C3E2A /* IdentifiableDate.swift in Sources */ = {isa = PBXBuildFile; fileRef = 046EFCF72C0881F6002C3E2A /* IdentifiableDate.swift */; };
		046EFCFA2C08846E002C3E2A /* AddEvent.swift in Sources */ = {isa = PBXBuildFile; fileRef = 046EFCF92C08846E002C3E2A /* AddEvent.swift */; };
		046EFCFC2C088745002C3E2A /* EventShowcaseView.swift in Sources */ = {isa = PBXBuildFile; fileRef = 046EFCFB2C088745002C3E2A /* EventShowcaseView.swift */; };
		046EFCFE2C08877E002C3E2A /* EventCard.swift in Sources */ = {isa = PBXBuildFile; fileRef = 046EFCFD2C08877E002C3E2A /* EventCard.swift */; };
		046EFD002C0887C8002C3E2A /* EventDetailView.swift in Sources */ = {isa = PBXBuildFile; fileRef = 046EFCFF2C0887C8002C3E2A /* EventDetailView.swift */; };
		04B43CF22C10C57E00E99242 /* AddLooksItemView.swift in Sources */ = {isa = PBXBuildFile; fileRef = 04B43CF12C10C57E00E99242 /* AddLooksItemView.swift */; };
		04B43CF42C10C89F00E99242 /* LooksItemView.swift in Sources */ = {isa = PBXBuildFile; fileRef = 04B43CF32C10C89F00E99242 /* LooksItemView.swift */; };
		04B953CE2C06B4260015C45D /* AddClothes.swift in Sources */ = {isa = PBXBuildFile; fileRef = 04B953CD2C06B4260015C45D /* AddClothes.swift */; };
		04BA1EAB2C0228BF006F4069 /* SplashScreenItem.swift in Sources */ = {isa = PBXBuildFile; fileRef = 04BA1E9F2C0228BF006F4069 /* SplashScreenItem.swift */; };
		04BA1EAC2C0228BF006F4069 /* Banner.swift in Sources */ = {isa = PBXBuildFile; fileRef = 04BA1EA12C0228BF006F4069 /* Banner.swift */; };
		04BA1EAD2C0228BF006F4069 /* Header.swift in Sources */ = {isa = PBXBuildFile; fileRef = 04BA1EA22C0228BF006F4069 /* Header.swift */; };
		04BA1EAE2C0228BF006F4069 /* AppNavigationView.swift in Sources */ = {isa = PBXBuildFile; fileRef = 04BA1EA32C0228BF006F4069 /* AppNavigationView.swift */; };
		04BA1EAF2C0228BF006F4069 /* IconMenu.swift in Sources */ = {isa = PBXBuildFile; fileRef = 04BA1EA42C0228BF006F4069 /* IconMenu.swift */; };
		04BA1EB02C0228BF006F4069 /* StyleInfoView.swift in Sources */ = {isa = PBXBuildFile; fileRef = 04BA1EA52C0228BF006F4069 /* StyleInfoView.swift */; };
		04BA1EB12C0228BF006F4069 /* YourWardrobe.swift in Sources */ = {isa = PBXBuildFile; fileRef = 04BA1EA62C0228BF006F4069 /* YourWardrobe.swift */; };
		04BA1EB92C039982006F4069 /* BackButton.swift in Sources */ = {isa = PBXBuildFile; fileRef = 04BA1EB82C039982006F4069 /* BackButton.swift */; };
		04BA1EC12C03BAF1006F4069 /* HomeView1.swift in Sources */ = {isa = PBXBuildFile; fileRef = 04BA1EC02C03BAF1006F4069 /* HomeView1.swift */; };
		04BA1EC32C03C163006F4069 /* WardrobeView.swift in Sources */ = {isa = PBXBuildFile; fileRef = 04BA1EC22C03C163006F4069 /* WardrobeView.swift */; };
		04BA1EC52C03C435006F4069 /* CalendarView.swift in Sources */ = {isa = PBXBuildFile; fileRef = 04BA1EC42C03C435006F4069 /* CalendarView.swift */; };
		04BA1EC72C03C46C006F4069 /* LooksView.swift in Sources */ = {isa = PBXBuildFile; fileRef = 04BA1EC62C03C46C006F4069 /* LooksView.swift */; };
		04BA1EC92C04FA13006F4069 /* TabItem.swift in Sources */ = {isa = PBXBuildFile; fileRef = 04BA1EC82C04FA13006F4069 /* TabItem.swift */; };
		04CB9C7D2C07265B001FC84F /* WardrobeItem.swift in Sources */ = {isa = PBXBuildFile; fileRef = 04CB9C7C2C07265B001FC84F /* WardrobeItem.swift */; };
		04CB9C7F2C073772001FC84F /* CategoryContentView.swift in Sources */ = {isa = PBXBuildFile; fileRef = 04CB9C7E2C073772001FC84F /* CategoryContentView.swift */; };
		04CF61E02BFF78090053FA09 /* StyleSphereApp.swift in Sources */ = {isa = PBXBuildFile; fileRef = 04CF61DF2BFF78090053FA09 /* StyleSphereApp.swift */; };
		04CF61E22BFF78090053FA09 /* ContentView.swift in Sources */ = {isa = PBXBuildFile; fileRef = 04CF61E12BFF78090053FA09 /* ContentView.swift */; };
		04CF61E42BFF780B0053FA09 /* Assets.xcassets in Resources */ = {isa = PBXBuildFile; fileRef = 04CF61E32BFF780B0053FA09 /* Assets.xcassets */; };
		04CF61E72BFF780B0053FA09 /* Preview Assets.xcassets in Resources */ = {isa = PBXBuildFile; fileRef = 04CF61E62BFF780B0053FA09 /* Preview Assets.xcassets */; };
		04CF61F02BFF7D880053FA09 /* SplashScreenView1.swift in Sources */ = {isa = PBXBuildFile; fileRef = 04CF61EF2BFF7D880053FA09 /* SplashScreenView1.swift */; };
		04CF61F52BFF7F820053FA09 /* Color+Brand.swift in Sources */ = {isa = PBXBuildFile; fileRef = 04CF61F42BFF7F820053FA09 /* Color+Brand.swift */; };
		04CF61FD2BFF911A0053FA09 /* SplashScreenView.swift in Sources */ = {isa = PBXBuildFile; fileRef = 04CF61FC2BFF911A0053FA09 /* SplashScreenView.swift */; };
		04EF6ADD2C085CF500BA2B80 /* DateValue.swift in Sources */ = {isa = PBXBuildFile; fileRef = 04EF6ADC2C085CF500BA2B80 /* DateValue.swift */; };
		25072D7F2C10B2690020CB76 /* LooksItem.swift in Sources */ = {isa = PBXBuildFile; fileRef = 25072D7E2C10B2690020CB76 /* LooksItem.swift */; };
		25072D832C10CB610020CB76 /* SearchbarView.swift in Sources */ = {isa = PBXBuildFile; fileRef = 25072D822C10CB610020CB76 /* SearchbarView.swift */; };
		25464E642C0CAC140019A4B5 /* UIDevice+Pad.swift in Sources */ = {isa = PBXBuildFile; fileRef = 25464E632C0CAC140019A4B5 /* UIDevice+Pad.swift */; };
		25464E662C0CB1330019A4B5 /* SwiftDataModel.swift in Sources */ = {isa = PBXBuildFile; fileRef = 25464E652C0CB1330019A4B5 /* SwiftDataModel.swift */; };
		25464E682C0CB2720019A4B5 /* ModelPreview.swift in Sources */ = {isa = PBXBuildFile; fileRef = 25464E672C0CB2720019A4B5 /* ModelPreview.swift */; };
/* End PBXBuildFile section */

/* Begin PBXFileReference section */
		045F3C782C1037D7003F4430 /* ViewController.swift */ = {isa = PBXFileReference; lastKnownFileType = sourcecode.swift; path = ViewController.swift; sourceTree = "<group>"; };
		045F3C7C2C108C9A003F4430 /* ClothImageDisplayView.swift */ = {isa = PBXFileReference; lastKnownFileType = sourcecode.swift; name = ClothImageDisplayView.swift; path = ../../../ClothImageDisplayView.swift; sourceTree = "<group>"; };
		045F3C7D2C108C9A003F4430 /* ClothingItemView.swift */ = {isa = PBXFileReference; lastKnownFileType = sourcecode.swift; name = ClothingItemView.swift; path = ../../../ClothingItemView.swift; sourceTree = "<group>"; };
		045F3C7E2C108C9A003F4430 /* AddNewItemView.swift */ = {isa = PBXFileReference; lastKnownFileType = sourcecode.swift; name = AddNewItemView.swift; path = ../../../AddNewItemView.swift; sourceTree = "<group>"; };
		045F3C7F2C108C9A003F4430 /* ColorButton.swift */ = {isa = PBXFileReference; lastKnownFileType = sourcecode.swift; name = ColorButton.swift; path = ../../../ColorButton.swift; sourceTree = "<group>"; };
		046C68D12C109741000553F9 /* CalendarViewController.swift */ = {isa = PBXFileReference; lastKnownFileType = sourcecode.swift; path = CalendarViewController.swift; sourceTree = "<group>"; };
		046C68D62C109781000553F9 /* SceneDelegate.swift */ = {isa = PBXFileReference; lastKnownFileType = sourcecode.swift; path = SceneDelegate.swift; sourceTree = "<group>"; };
		046EFCF52C088158002C3E2A /* Event.swift */ = {isa = PBXFileReference; lastKnownFileType = sourcecode.swift; path = Event.swift; sourceTree = "<group>"; };
		046EFCF72C0881F6002C3E2A /* IdentifiableDate.swift */ = {isa = PBXFileReference; lastKnownFileType = sourcecode.swift; path = IdentifiableDate.swift; sourceTree = "<group>"; };
		046EFCF92C08846E002C3E2A /* AddEvent.swift */ = {isa = PBXFileReference; lastKnownFileType = sourcecode.swift; path = AddEvent.swift; sourceTree = "<group>"; };
		046EFCFB2C088745002C3E2A /* EventShowcaseView.swift */ = {isa = PBXFileReference; lastKnownFileType = sourcecode.swift; path = EventShowcaseView.swift; sourceTree = "<group>"; };
		046EFCFD2C08877E002C3E2A /* EventCard.swift */ = {isa = PBXFileReference; lastKnownFileType = sourcecode.swift; path = EventCard.swift; sourceTree = "<group>"; };
		046EFCFF2C0887C8002C3E2A /* EventDetailView.swift */ = {isa = PBXFileReference; lastKnownFileType = sourcecode.swift; path = EventDetailView.swift; sourceTree = "<group>"; };
		04B43CF12C10C57E00E99242 /* AddLooksItemView.swift */ = {isa = PBXFileReference; lastKnownFileType = sourcecode.swift; path = AddLooksItemView.swift; sourceTree = "<group>"; };
		04B43CF32C10C89F00E99242 /* LooksItemView.swift */ = {isa = PBXFileReference; lastKnownFileType = sourcecode.swift; path = LooksItemView.swift; sourceTree = "<group>"; };
		04B953CD2C06B4260015C45D /* AddClothes.swift */ = {isa = PBXFileReference; lastKnownFileType = sourcecode.swift; path = AddClothes.swift; sourceTree = "<group>"; };
		04BA1E9F2C0228BF006F4069 /* SplashScreenItem.swift */ = {isa = PBXFileReference; fileEncoding = 4; lastKnownFileType = sourcecode.swift; path = SplashScreenItem.swift; sourceTree = "<group>"; };
		04BA1EA12C0228BF006F4069 /* Banner.swift */ = {isa = PBXFileReference; fileEncoding = 4; lastKnownFileType = sourcecode.swift; path = Banner.swift; sourceTree = "<group>"; };
		04BA1EA22C0228BF006F4069 /* Header.swift */ = {isa = PBXFileReference; fileEncoding = 4; lastKnownFileType = sourcecode.swift; path = Header.swift; sourceTree = "<group>"; };
		04BA1EA32C0228BF006F4069 /* AppNavigationView.swift */ = {isa = PBXFileReference; fileEncoding = 4; lastKnownFileType = sourcecode.swift; path = AppNavigationView.swift; sourceTree = "<group>"; };
		04BA1EA42C0228BF006F4069 /* IconMenu.swift */ = {isa = PBXFileReference; fileEncoding = 4; lastKnownFileType = sourcecode.swift; path = IconMenu.swift; sourceTree = "<group>"; };
		04BA1EA52C0228BF006F4069 /* StyleInfoView.swift */ = {isa = PBXFileReference; fileEncoding = 4; lastKnownFileType = sourcecode.swift; path = StyleInfoView.swift; sourceTree = "<group>"; };
		04BA1EA62C0228BF006F4069 /* YourWardrobe.swift */ = {isa = PBXFileReference; fileEncoding = 4; lastKnownFileType = sourcecode.swift; path = YourWardrobe.swift; sourceTree = "<group>"; };
		04BA1EB82C039982006F4069 /* BackButton.swift */ = {isa = PBXFileReference; lastKnownFileType = sourcecode.swift; path = BackButton.swift; sourceTree = "<group>"; };
		04BA1EC02C03BAF1006F4069 /* HomeView1.swift */ = {isa = PBXFileReference; lastKnownFileType = sourcecode.swift; path = HomeView1.swift; sourceTree = "<group>"; };
		04BA1EC22C03C163006F4069 /* WardrobeView.swift */ = {isa = PBXFileReference; lastKnownFileType = sourcecode.swift; path = WardrobeView.swift; sourceTree = "<group>"; };
		04BA1EC42C03C435006F4069 /* CalendarView.swift */ = {isa = PBXFileReference; lastKnownFileType = sourcecode.swift; path = CalendarView.swift; sourceTree = "<group>"; };
		04BA1EC62C03C46C006F4069 /* LooksView.swift */ = {isa = PBXFileReference; lastKnownFileType = sourcecode.swift; path = LooksView.swift; sourceTree = "<group>"; };
		04BA1EC82C04FA13006F4069 /* TabItem.swift */ = {isa = PBXFileReference; lastKnownFileType = sourcecode.swift; path = TabItem.swift; sourceTree = "<group>"; };
		04CB9C7C2C07265B001FC84F /* WardrobeItem.swift */ = {isa = PBXFileReference; lastKnownFileType = sourcecode.swift; path = WardrobeItem.swift; sourceTree = "<group>"; };
		04CB9C7E2C073772001FC84F /* CategoryContentView.swift */ = {isa = PBXFileReference; lastKnownFileType = sourcecode.swift; path = CategoryContentView.swift; sourceTree = "<group>"; };
		04CF61DC2BFF78090053FA09 /* StyleSphere.app */ = {isa = PBXFileReference; explicitFileType = wrapper.application; includeInIndex = 0; path = StyleSphere.app; sourceTree = BUILT_PRODUCTS_DIR; };
		04CF61DF2BFF78090053FA09 /* StyleSphereApp.swift */ = {isa = PBXFileReference; lastKnownFileType = sourcecode.swift; path = StyleSphereApp.swift; sourceTree = "<group>"; };
		04CF61E12BFF78090053FA09 /* ContentView.swift */ = {isa = PBXFileReference; lastKnownFileType = sourcecode.swift; path = ContentView.swift; sourceTree = "<group>"; };
		04CF61E32BFF780B0053FA09 /* Assets.xcassets */ = {isa = PBXFileReference; lastKnownFileType = folder.assetcatalog; path = Assets.xcassets; sourceTree = "<group>"; };
		04CF61E62BFF780B0053FA09 /* Preview Assets.xcassets */ = {isa = PBXFileReference; lastKnownFileType = folder.assetcatalog; path = "Preview Assets.xcassets"; sourceTree = "<group>"; };
		04CF61EF2BFF7D880053FA09 /* SplashScreenView1.swift */ = {isa = PBXFileReference; lastKnownFileType = sourcecode.swift; path = SplashScreenView1.swift; sourceTree = "<group>"; };
		04CF61F42BFF7F820053FA09 /* Color+Brand.swift */ = {isa = PBXFileReference; lastKnownFileType = sourcecode.swift; path = "Color+Brand.swift"; sourceTree = "<group>"; };
		04CF61FC2BFF911A0053FA09 /* SplashScreenView.swift */ = {isa = PBXFileReference; lastKnownFileType = sourcecode.swift; path = SplashScreenView.swift; sourceTree = "<group>"; };
		04EF6ADC2C085CF500BA2B80 /* DateValue.swift */ = {isa = PBXFileReference; lastKnownFileType = sourcecode.swift; path = DateValue.swift; sourceTree = "<group>"; };
		25072D7E2C10B2690020CB76 /* LooksItem.swift */ = {isa = PBXFileReference; lastKnownFileType = sourcecode.swift; path = LooksItem.swift; sourceTree = "<group>"; };
		25072D822C10CB610020CB76 /* SearchbarView.swift */ = {isa = PBXFileReference; lastKnownFileType = sourcecode.swift; path = SearchbarView.swift; sourceTree = "<group>"; };
		25464E632C0CAC140019A4B5 /* UIDevice+Pad.swift */ = {isa = PBXFileReference; lastKnownFileType = sourcecode.swift; path = "UIDevice+Pad.swift"; sourceTree = "<group>"; };
		25464E652C0CB1330019A4B5 /* SwiftDataModel.swift */ = {isa = PBXFileReference; lastKnownFileType = sourcecode.swift; path = SwiftDataModel.swift; sourceTree = "<group>"; };
		25464E672C0CB2720019A4B5 /* ModelPreview.swift */ = {isa = PBXFileReference; lastKnownFileType = sourcecode.swift; path = ModelPreview.swift; sourceTree = "<group>"; };
/* End PBXFileReference section */

/* Begin PBXFrameworksBuildPhase section */
		04CF61D92BFF78090053FA09 /* Frameworks */ = {
			isa = PBXFrameworksBuildPhase;
			buildActionMask = 2147483647;
			files = (
				046C68D52C10975D000553F9 /* CalendarKit in Frameworks */,
			);
			runOnlyForDeploymentPostprocessing = 0;
		};
/* End PBXFrameworksBuildPhase section */

/* Begin PBXGroup section */
		040284242C0E16B000FCA16E /* Home */ = {
			isa = PBXGroup;
			children = (
				04BA1EC02C03BAF1006F4069 /* HomeView1.swift */,
				04BA1EB72C039970006F4069 /* Component */,
			);
			path = Home;
			sourceTree = "<group>";
		};
		040284252C0E173D00FCA16E /* Navigation */ = {
			isa = PBXGroup;
			children = (
				04BA1EA32C0228BF006F4069 /* AppNavigationView.swift */,
			);
			path = Navigation;
			sourceTree = "<group>";
		};
		040284262C0E17BF00FCA16E /* Wardrobe */ = {
			isa = PBXGroup;
			children = (
				045F3C7E2C108C9A003F4430 /* AddNewItemView.swift */,
				045F3C7C2C108C9A003F4430 /* ClothImageDisplayView.swift */,
				045F3C7D2C108C9A003F4430 /* ClothingItemView.swift */,
				045F3C7F2C108C9A003F4430 /* ColorButton.swift */,
				04CB9C7E2C073772001FC84F /* CategoryContentView.swift */,
				04BA1EC22C03C163006F4069 /* WardrobeView.swift */,
				25072D822C10CB610020CB76 /* SearchbarView.swift */,
			);
			path = Wardrobe;
			sourceTree = "<group>";
		};
		040284272C0E180000FCA16E /* Looks */ = {
			isa = PBXGroup;
			children = (
				04BA1EC62C03C46C006F4069 /* LooksView.swift */,
				04B43CF12C10C57E00E99242 /* AddLooksItemView.swift */,
				04B43CF32C10C89F00E99242 /* LooksItemView.swift */,
			);
			path = Looks;
			sourceTree = "<group>";
		};
		040284282C0E181400FCA16E /* Calendar */ = {
			isa = PBXGroup;
			children = (
				04BA1EC42C03C435006F4069 /* CalendarView.swift */,
				046EFCFF2C0887C8002C3E2A /* EventDetailView.swift */,
				046EFCF92C08846E002C3E2A /* AddEvent.swift */,
				046EFCFB2C088745002C3E2A /* EventShowcaseView.swift */,
				046EFCFD2C08877E002C3E2A /* EventCard.swift */,
			);
			path = Calendar;
			sourceTree = "<group>";
		};
		045F3C772C103799003F4430 /* Controller */ = {
			isa = PBXGroup;
			children = (
				045F3C782C1037D7003F4430 /* ViewController.swift */,
			);
			path = Controller;
			sourceTree = "<group>";
		};
		046C68D02C10971E000553F9 /* CalendarFix */ = {
			isa = PBXGroup;
			children = (
				046C68D12C109741000553F9 /* CalendarViewController.swift */,
				046C68D62C109781000553F9 /* SceneDelegate.swift */,
			);
			path = CalendarFix;
			sourceTree = "<group>";
		};
		04BA1EA02C0228BF006F4069 /* Model */ = {
			isa = PBXGroup;
			children = (
				04BA1E9F2C0228BF006F4069 /* SplashScreenItem.swift */,
				04BA1EC82C04FA13006F4069 /* TabItem.swift */,
				04CB9C7C2C07265B001FC84F /* WardrobeItem.swift */,
				04EF6ADC2C085CF500BA2B80 /* DateValue.swift */,
				046EFCF52C088158002C3E2A /* Event.swift */,
				046EFCF72C0881F6002C3E2A /* IdentifiableDate.swift */,
				25464E652C0CB1330019A4B5 /* SwiftDataModel.swift */,
				25464E672C0CB2720019A4B5 /* ModelPreview.swift */,
				25072D7E2C10B2690020CB76 /* LooksItem.swift */,
			);
			path = Model;
			sourceTree = "<group>";
		};
		04BA1EA72C0228BF006F4069 /* View */ = {
			isa = PBXGroup;
			children = (
				046C68D02C10971E000553F9 /* CalendarFix */,
				040284282C0E181400FCA16E /* Calendar */,
				040284272C0E180000FCA16E /* Looks */,
				040284262C0E17BF00FCA16E /* Wardrobe */,
				040284252C0E173D00FCA16E /* Navigation */,
				040284242C0E16B000FCA16E /* Home */,
			);
			path = View;
			sourceTree = "<group>";
		};
		04BA1EB72C039970006F4069 /* Component */ = {
			isa = PBXGroup;
			children = (
				04B953CD2C06B4260015C45D /* AddClothes.swift */,
				04BA1EA52C0228BF006F4069 /* StyleInfoView.swift */,
				04BA1EA62C0228BF006F4069 /* YourWardrobe.swift */,
				04BA1EA42C0228BF006F4069 /* IconMenu.swift */,
				04BA1EA22C0228BF006F4069 /* Header.swift */,
				04BA1EA12C0228BF006F4069 /* Banner.swift */,
				04BA1EB82C039982006F4069 /* BackButton.swift */,
			);
			path = Component;
			sourceTree = "<group>";
		};
		04CF61D32BFF78090053FA09 = {
			isa = PBXGroup;
			children = (
				04CF61DE2BFF78090053FA09 /* StyleSphere */,
				04CF61DD2BFF78090053FA09 /* Products */,
			);
			sourceTree = "<group>";
		};
		04CF61DD2BFF78090053FA09 /* Products */ = {
			isa = PBXGroup;
			children = (
				04CF61DC2BFF78090053FA09 /* StyleSphere.app */,
			);
			name = Products;
			sourceTree = "<group>";
		};
		04CF61DE2BFF78090053FA09 /* StyleSphere */ = {
			isa = PBXGroup;
			children = (
				045F3C772C103799003F4430 /* Controller */,
				04BA1EA72C0228BF006F4069 /* View */,
				04CF61F32BFF7F420053FA09 /* Utils */,
				04BA1EA02C0228BF006F4069 /* Model */,
				04CF61DF2BFF78090053FA09 /* StyleSphereApp.swift */,
				04CF61E12BFF78090053FA09 /* ContentView.swift */,
				04CF61EF2BFF7D880053FA09 /* SplashScreenView1.swift */,
				04CF61FC2BFF911A0053FA09 /* SplashScreenView.swift */,
				04CF61E32BFF780B0053FA09 /* Assets.xcassets */,
				04CF61E52BFF780B0053FA09 /* Preview Content */,
			);
			path = StyleSphere;
			sourceTree = "<group>";
		};
		04CF61E52BFF780B0053FA09 /* Preview Content */ = {
			isa = PBXGroup;
			children = (
				04CF61E62BFF780B0053FA09 /* Preview Assets.xcassets */,
			);
			path = "Preview Content";
			sourceTree = "<group>";
		};
		04CF61F32BFF7F420053FA09 /* Utils */ = {
			isa = PBXGroup;
			children = (
				04CF61F42BFF7F820053FA09 /* Color+Brand.swift */,
				25464E632C0CAC140019A4B5 /* UIDevice+Pad.swift */,
			);
			path = Utils;
			sourceTree = "<group>";
		};
/* End PBXGroup section */

/* Begin PBXNativeTarget section */
		04CF61DB2BFF78090053FA09 /* StyleSphere */ = {
			isa = PBXNativeTarget;
			buildConfigurationList = 04CF61EA2BFF780B0053FA09 /* Build configuration list for PBXNativeTarget "StyleSphere" */;
			buildPhases = (
				04CF61D82BFF78090053FA09 /* Sources */,
				04CF61D92BFF78090053FA09 /* Frameworks */,
				04CF61DA2BFF78090053FA09 /* Resources */,
			);
			buildRules = (
			);
			dependencies = (
			);
			name = StyleSphere;
			packageProductDependencies = (
				046C68D42C10975D000553F9 /* CalendarKit */,
			);
			productName = StyleSphere;
			productReference = 04CF61DC2BFF78090053FA09 /* StyleSphere.app */;
			productType = "com.apple.product-type.application";
		};
/* End PBXNativeTarget section */

/* Begin PBXProject section */
		04CF61D42BFF78090053FA09 /* Project object */ = {
			isa = PBXProject;
			attributes = {
				BuildIndependentTargetsInParallel = 1;
				LastSwiftUpdateCheck = 1530;
				LastUpgradeCheck = 1530;
				TargetAttributes = {
					04CF61DB2BFF78090053FA09 = {
						CreatedOnToolsVersion = 15.3;
					};
				};
			};
			buildConfigurationList = 04CF61D72BFF78090053FA09 /* Build configuration list for PBXProject "StyleSphere" */;
			compatibilityVersion = "Xcode 14.0";
			developmentRegion = en;
			hasScannedForEncodings = 0;
			knownRegions = (
				en,
				Base,
			);
			mainGroup = 04CF61D32BFF78090053FA09;
			packageReferences = (
				046C68D32C10975D000553F9 /* XCRemoteSwiftPackageReference "CalendarKit" */,
			);
			productRefGroup = 04CF61DD2BFF78090053FA09 /* Products */;
			projectDirPath = "";
			projectRoot = "";
			targets = (
				04CF61DB2BFF78090053FA09 /* StyleSphere */,
			);
		};
/* End PBXProject section */

/* Begin PBXResourcesBuildPhase section */
		04CF61DA2BFF78090053FA09 /* Resources */ = {
			isa = PBXResourcesBuildPhase;
			buildActionMask = 2147483647;
			files = (
				04CF61E72BFF780B0053FA09 /* Preview Assets.xcassets in Resources */,
				04CF61E42BFF780B0053FA09 /* Assets.xcassets in Resources */,
			);
			runOnlyForDeploymentPostprocessing = 0;
		};
/* End PBXResourcesBuildPhase section */

/* Begin PBXSourcesBuildPhase section */
		04CF61D82BFF78090053FA09 /* Sources */ = {
			isa = PBXSourcesBuildPhase;
			buildActionMask = 2147483647;
			files = (
				045F3C802C108C9A003F4430 /* ClothImageDisplayView.swift in Sources */,
				25072D7F2C10B2690020CB76 /* LooksItem.swift in Sources */,
				045F3C812C108C9A003F4430 /* ClothingItemView.swift in Sources */,
				045F3C822C108C9A003F4430 /* AddNewItemView.swift in Sources */,
				045F3C832C108C9A003F4430 /* ColorButton.swift in Sources */,
				25464E682C0CB2720019A4B5 /* ModelPreview.swift in Sources */,
				04BA1EAB2C0228BF006F4069 /* SplashScreenItem.swift in Sources */,
				04BA1EAD2C0228BF006F4069 /* Header.swift in Sources */,
				04BA1EB02C0228BF006F4069 /* StyleInfoView.swift in Sources */,
				046C68D72C109781000553F9 /* SceneDelegate.swift in Sources */,
				046EFCFE2C08877E002C3E2A /* EventCard.swift in Sources */,
				046EFCFC2C088745002C3E2A /* EventShowcaseView.swift in Sources */,
				25072D832C10CB610020CB76 /* SearchbarView.swift in Sources */,
				04CF61E22BFF78090053FA09 /* ContentView.swift in Sources */,
				04CB9C7F2C073772001FC84F /* CategoryContentView.swift in Sources */,
				04BA1EAE2C0228BF006F4069 /* AppNavigationView.swift in Sources */,
				04BA1EAF2C0228BF006F4069 /* IconMenu.swift in Sources */,
				04CF61F52BFF7F820053FA09 /* Color+Brand.swift in Sources */,
				04B43CF22C10C57E00E99242 /* AddLooksItemView.swift in Sources */,
				046EFD002C0887C8002C3E2A /* EventDetailView.swift in Sources */,
				04CF61E02BFF78090053FA09 /* StyleSphereApp.swift in Sources */,
				04B43CF42C10C89F00E99242 /* LooksItemView.swift in Sources */,
				046EFCF82C0881F6002C3E2A /* IdentifiableDate.swift in Sources */,
				046EFCFA2C08846E002C3E2A /* AddEvent.swift in Sources */,
				04BA1EC12C03BAF1006F4069 /* HomeView1.swift in Sources */,
				046C68D22C109741000553F9 /* CalendarViewController.swift in Sources */,
				045F3C792C1037D7003F4430 /* ViewController.swift in Sources */,
				046EFCF62C088158002C3E2A /* Event.swift in Sources */,
				04CF61F02BFF7D880053FA09 /* SplashScreenView1.swift in Sources */,
				04EF6ADD2C085CF500BA2B80 /* DateValue.swift in Sources */,
				04BA1EB12C0228BF006F4069 /* YourWardrobe.swift in Sources */,
				04BA1EC72C03C46C006F4069 /* LooksView.swift in Sources */,
				04BA1EAC2C0228BF006F4069 /* Banner.swift in Sources */,
				04B953CE2C06B4260015C45D /* AddClothes.swift in Sources */,
				25464E662C0CB1330019A4B5 /* SwiftDataModel.swift in Sources */,
				04CB9C7D2C07265B001FC84F /* WardrobeItem.swift in Sources */,
				04BA1EC52C03C435006F4069 /* CalendarView.swift in Sources */,
				25464E642C0CAC140019A4B5 /* UIDevice+Pad.swift in Sources */,
				04CF61FD2BFF911A0053FA09 /* SplashScreenView.swift in Sources */,
				04BA1EC32C03C163006F4069 /* WardrobeView.swift in Sources */,
				04BA1EC92C04FA13006F4069 /* TabItem.swift in Sources */,
				04BA1EB92C039982006F4069 /* BackButton.swift in Sources */,
			);
			runOnlyForDeploymentPostprocessing = 0;
		};
/* End PBXSourcesBuildPhase section */

/* Begin XCBuildConfiguration section */
		04CF61E82BFF780B0053FA09 /* Debug */ = {
			isa = XCBuildConfiguration;
			buildSettings = {
				ALWAYS_SEARCH_USER_PATHS = NO;
				ASSETCATALOG_COMPILER_GENERATE_SWIFT_ASSET_SYMBOL_EXTENSIONS = YES;
				CLANG_ANALYZER_NONNULL = YES;
				CLANG_ANALYZER_NUMBER_OBJECT_CONVERSION = YES_AGGRESSIVE;
				CLANG_CXX_LANGUAGE_STANDARD = "gnu++20";
				CLANG_ENABLE_MODULES = YES;
				CLANG_ENABLE_OBJC_ARC = YES;
				CLANG_ENABLE_OBJC_WEAK = YES;
				CLANG_WARN_BLOCK_CAPTURE_AUTORELEASING = YES;
				CLANG_WARN_BOOL_CONVERSION = YES;
				CLANG_WARN_COMMA = YES;
				CLANG_WARN_CONSTANT_CONVERSION = YES;
				CLANG_WARN_DEPRECATED_OBJC_IMPLEMENTATIONS = YES;
				CLANG_WARN_DIRECT_OBJC_ISA_USAGE = YES_ERROR;
				CLANG_WARN_DOCUMENTATION_COMMENTS = YES;
				CLANG_WARN_EMPTY_BODY = YES;
				CLANG_WARN_ENUM_CONVERSION = YES;
				CLANG_WARN_INFINITE_RECURSION = YES;
				CLANG_WARN_INT_CONVERSION = YES;
				CLANG_WARN_NON_LITERAL_NULL_CONVERSION = YES;
				CLANG_WARN_OBJC_IMPLICIT_RETAIN_SELF = YES;
				CLANG_WARN_OBJC_LITERAL_CONVERSION = YES;
				CLANG_WARN_OBJC_ROOT_CLASS = YES_ERROR;
				CLANG_WARN_QUOTED_INCLUDE_IN_FRAMEWORK_HEADER = YES;
				CLANG_WARN_RANGE_LOOP_ANALYSIS = YES;
				CLANG_WARN_STRICT_PROTOTYPES = YES;
				CLANG_WARN_SUSPICIOUS_MOVE = YES;
				CLANG_WARN_UNGUARDED_AVAILABILITY = YES_AGGRESSIVE;
				CLANG_WARN_UNREACHABLE_CODE = YES;
				CLANG_WARN__DUPLICATE_METHOD_MATCH = YES;
				COPY_PHASE_STRIP = NO;
				DEBUG_INFORMATION_FORMAT = dwarf;
				ENABLE_STRICT_OBJC_MSGSEND = YES;
				ENABLE_TESTABILITY = YES;
				ENABLE_USER_SCRIPT_SANDBOXING = YES;
				GCC_C_LANGUAGE_STANDARD = gnu17;
				GCC_DYNAMIC_NO_PIC = NO;
				GCC_NO_COMMON_BLOCKS = YES;
				GCC_OPTIMIZATION_LEVEL = 0;
				GCC_PREPROCESSOR_DEFINITIONS = (
					"DEBUG=1",
					"$(inherited)",
				);
				GCC_WARN_64_TO_32_BIT_CONVERSION = YES;
				GCC_WARN_ABOUT_RETURN_TYPE = YES_ERROR;
				GCC_WARN_UNDECLARED_SELECTOR = YES;
				GCC_WARN_UNINITIALIZED_AUTOS = YES_AGGRESSIVE;
				GCC_WARN_UNUSED_FUNCTION = YES;
				GCC_WARN_UNUSED_VARIABLE = YES;
				IPHONEOS_DEPLOYMENT_TARGET = 17.4;
				LOCALIZATION_PREFERS_STRING_CATALOGS = YES;
				MTL_ENABLE_DEBUG_INFO = INCLUDE_SOURCE;
				MTL_FAST_MATH = YES;
				ONLY_ACTIVE_ARCH = YES;
				SDKROOT = iphoneos;
				SWIFT_ACTIVE_COMPILATION_CONDITIONS = "DEBUG $(inherited)";
				SWIFT_OPTIMIZATION_LEVEL = "-Onone";
			};
			name = Debug;
		};
		04CF61E92BFF780B0053FA09 /* Release */ = {
			isa = XCBuildConfiguration;
			buildSettings = {
				ALWAYS_SEARCH_USER_PATHS = NO;
				ASSETCATALOG_COMPILER_GENERATE_SWIFT_ASSET_SYMBOL_EXTENSIONS = YES;
				CLANG_ANALYZER_NONNULL = YES;
				CLANG_ANALYZER_NUMBER_OBJECT_CONVERSION = YES_AGGRESSIVE;
				CLANG_CXX_LANGUAGE_STANDARD = "gnu++20";
				CLANG_ENABLE_MODULES = YES;
				CLANG_ENABLE_OBJC_ARC = YES;
				CLANG_ENABLE_OBJC_WEAK = YES;
				CLANG_WARN_BLOCK_CAPTURE_AUTORELEASING = YES;
				CLANG_WARN_BOOL_CONVERSION = YES;
				CLANG_WARN_COMMA = YES;
				CLANG_WARN_CONSTANT_CONVERSION = YES;
				CLANG_WARN_DEPRECATED_OBJC_IMPLEMENTATIONS = YES;
				CLANG_WARN_DIRECT_OBJC_ISA_USAGE = YES_ERROR;
				CLANG_WARN_DOCUMENTATION_COMMENTS = YES;
				CLANG_WARN_EMPTY_BODY = YES;
				CLANG_WARN_ENUM_CONVERSION = YES;
				CLANG_WARN_INFINITE_RECURSION = YES;
				CLANG_WARN_INT_CONVERSION = YES;
				CLANG_WARN_NON_LITERAL_NULL_CONVERSION = YES;
				CLANG_WARN_OBJC_IMPLICIT_RETAIN_SELF = YES;
				CLANG_WARN_OBJC_LITERAL_CONVERSION = YES;
				CLANG_WARN_OBJC_ROOT_CLASS = YES_ERROR;
				CLANG_WARN_QUOTED_INCLUDE_IN_FRAMEWORK_HEADER = YES;
				CLANG_WARN_RANGE_LOOP_ANALYSIS = YES;
				CLANG_WARN_STRICT_PROTOTYPES = YES;
				CLANG_WARN_SUSPICIOUS_MOVE = YES;
				CLANG_WARN_UNGUARDED_AVAILABILITY = YES_AGGRESSIVE;
				CLANG_WARN_UNREACHABLE_CODE = YES;
				CLANG_WARN__DUPLICATE_METHOD_MATCH = YES;
				COPY_PHASE_STRIP = NO;
				DEBUG_INFORMATION_FORMAT = "dwarf-with-dsym";
				ENABLE_NS_ASSERTIONS = NO;
				ENABLE_STRICT_OBJC_MSGSEND = YES;
				ENABLE_USER_SCRIPT_SANDBOXING = YES;
				GCC_C_LANGUAGE_STANDARD = gnu17;
				GCC_NO_COMMON_BLOCKS = YES;
				GCC_WARN_64_TO_32_BIT_CONVERSION = YES;
				GCC_WARN_ABOUT_RETURN_TYPE = YES_ERROR;
				GCC_WARN_UNDECLARED_SELECTOR = YES;
				GCC_WARN_UNINITIALIZED_AUTOS = YES_AGGRESSIVE;
				GCC_WARN_UNUSED_FUNCTION = YES;
				GCC_WARN_UNUSED_VARIABLE = YES;
				IPHONEOS_DEPLOYMENT_TARGET = 17.4;
				LOCALIZATION_PREFERS_STRING_CATALOGS = YES;
				MTL_ENABLE_DEBUG_INFO = NO;
				MTL_FAST_MATH = YES;
				SDKROOT = iphoneos;
				SWIFT_COMPILATION_MODE = wholemodule;
				VALIDATE_PRODUCT = YES;
			};
			name = Release;
		};
		04CF61EB2BFF780B0053FA09 /* Debug */ = {
			isa = XCBuildConfiguration;
			buildSettings = {
				ASSETCATALOG_COMPILER_APPICON_NAME = AppIcon;
				ASSETCATALOG_COMPILER_GLOBAL_ACCENT_COLOR_NAME = AccentColor;
				CODE_SIGN_STYLE = Automatic;
				CURRENT_PROJECT_VERSION = 1;
				DEVELOPMENT_ASSET_PATHS = "\"StyleSphere/Preview Content\"";
				DEVELOPMENT_TEAM = QH9X33Y55J;
				ENABLE_PREVIEWS = YES;
				GENERATE_INFOPLIST_FILE = YES;
				INFOPLIST_KEY_NSCalendarsUsageDescription = "This app will have access to show events";
				INFOPLIST_KEY_UIApplicationSceneManifest_Generation = YES;
				INFOPLIST_KEY_UIApplicationSupportsIndirectInputEvents = YES;
				INFOPLIST_KEY_UILaunchScreen_Generation = YES;
				INFOPLIST_KEY_UISupportedInterfaceOrientations_iPad = "UIInterfaceOrientationPortrait UIInterfaceOrientationPortraitUpsideDown UIInterfaceOrientationLandscapeLeft UIInterfaceOrientationLandscapeRight";
				INFOPLIST_KEY_UISupportedInterfaceOrientations_iPhone = "UIInterfaceOrientationPortrait UIInterfaceOrientationLandscapeLeft UIInterfaceOrientationLandscapeRight";
				IPHONEOS_DEPLOYMENT_TARGET = 17.2;
				LD_RUNPATH_SEARCH_PATHS = (
					"$(inherited)",
					"@executable_path/Frameworks",
				);
				MARKETING_VERSION = 1.0;
				PRODUCT_BUNDLE_IDENTIFIER = uc.StyleSphere;
				PRODUCT_NAME = "$(TARGET_NAME)";
				SWIFT_EMIT_LOC_STRINGS = YES;
				SWIFT_VERSION = 5.0;
				TARGETED_DEVICE_FAMILY = "1,2";
			};
			name = Debug;
		};
		04CF61EC2BFF780B0053FA09 /* Release */ = {
			isa = XCBuildConfiguration;
			buildSettings = {
				ASSETCATALOG_COMPILER_APPICON_NAME = AppIcon;
				ASSETCATALOG_COMPILER_GLOBAL_ACCENT_COLOR_NAME = AccentColor;
				CODE_SIGN_STYLE = Automatic;
				CURRENT_PROJECT_VERSION = 1;
				DEVELOPMENT_ASSET_PATHS = "\"StyleSphere/Preview Content\"";
				DEVELOPMENT_TEAM = QH9X33Y55J;
				ENABLE_PREVIEWS = YES;
				GENERATE_INFOPLIST_FILE = YES;
				INFOPLIST_KEY_NSCalendarsUsageDescription = "This app will have access to show events";
				INFOPLIST_KEY_UIApplicationSceneManifest_Generation = YES;
				INFOPLIST_KEY_UIApplicationSupportsIndirectInputEvents = YES;
				INFOPLIST_KEY_UILaunchScreen_Generation = YES;
				INFOPLIST_KEY_UISupportedInterfaceOrientations_iPad = "UIInterfaceOrientationPortrait UIInterfaceOrientationPortraitUpsideDown UIInterfaceOrientationLandscapeLeft UIInterfaceOrientationLandscapeRight";
				INFOPLIST_KEY_UISupportedInterfaceOrientations_iPhone = "UIInterfaceOrientationPortrait UIInterfaceOrientationLandscapeLeft UIInterfaceOrientationLandscapeRight";
				IPHONEOS_DEPLOYMENT_TARGET = 17.2;
				LD_RUNPATH_SEARCH_PATHS = (
					"$(inherited)",
					"@executable_path/Frameworks",
				);
				MARKETING_VERSION = 1.0;
				PRODUCT_BUNDLE_IDENTIFIER = uc.StyleSphere;
				PRODUCT_NAME = "$(TARGET_NAME)";
				SWIFT_EMIT_LOC_STRINGS = YES;
				SWIFT_VERSION = 5.0;
				TARGETED_DEVICE_FAMILY = "1,2";
			};
			name = Release;
		};
/* End XCBuildConfiguration section */

/* Begin XCConfigurationList section */
		04CF61D72BFF78090053FA09 /* Build configuration list for PBXProject "StyleSphere" */ = {
			isa = XCConfigurationList;
			buildConfigurations = (
				04CF61E82BFF780B0053FA09 /* Debug */,
				04CF61E92BFF780B0053FA09 /* Release */,
			);
			defaultConfigurationIsVisible = 0;
			defaultConfigurationName = Release;
		};
		04CF61EA2BFF780B0053FA09 /* Build configuration list for PBXNativeTarget "StyleSphere" */ = {
			isa = XCConfigurationList;
			buildConfigurations = (
				04CF61EB2BFF780B0053FA09 /* Debug */,
				04CF61EC2BFF780B0053FA09 /* Release */,
			);
			defaultConfigurationIsVisible = 0;
			defaultConfigurationName = Release;
		};
/* End XCConfigurationList section */

/* Begin XCRemoteSwiftPackageReference section */
		046C68D32C10975D000553F9 /* XCRemoteSwiftPackageReference "CalendarKit" */ = {
			isa = XCRemoteSwiftPackageReference;
			repositoryURL = "https://github.com/richardtop/CalendarKit.git";
			requirement = {
				kind = upToNextMajorVersion;
				minimumVersion = 1.1.10;
			};
		};
/* End XCRemoteSwiftPackageReference section */

/* Begin XCSwiftPackageProductDependency section */
		046C68D42C10975D000553F9 /* CalendarKit */ = {
			isa = XCSwiftPackageProductDependency;
			package = 046C68D32C10975D000553F9 /* XCRemoteSwiftPackageReference "CalendarKit" */;
			productName = CalendarKit;
		};
/* End XCSwiftPackageProductDependency section */
	};
	rootObject = 04CF61D42BFF78090053FA09 /* Project object */;
}
