// !$*UTF8*$!
{
	archiveVersion = 1;
	classes = {
	};
	objectVersion = 56;
	objects = {

/* Begin PBXBuildFile section */
		046EFCF62C088158002C3E2A /* Event.swift in Sources */ = {isa = PBXBuildFile; fileRef = 046EFCF52C088158002C3E2A /* Event.swift */; };
		046EFCF82C0881F6002C3E2A /* IdentifiableDate.swift in Sources */ = {isa = PBXBuildFile; fileRef = 046EFCF72C0881F6002C3E2A /* IdentifiableDate.swift */; };
		046EFCFA2C08846E002C3E2A /* AddEvent.swift in Sources */ = {isa = PBXBuildFile; fileRef = 046EFCF92C08846E002C3E2A /* AddEvent.swift */; };
		046EFCFC2C088745002C3E2A /* EventShowcaseView.swift in Sources */ = {isa = PBXBuildFile; fileRef = 046EFCFB2C088745002C3E2A /* EventShowcaseView.swift */; };
		046EFCFE2C08877E002C3E2A /* EventCard.swift in Sources */ = {isa = PBXBuildFile; fileRef = 046EFCFD2C08877E002C3E2A /* EventCard.swift */; };
		046EFD002C0887C8002C3E2A /* EventDetailView.swift in Sources */ = {isa = PBXBuildFile; fileRef = 046EFCFF2C0887C8002C3E2A /* EventDetailView.swift */; };
		04B953CE2C06B4260015C45D /* AddClothes.swift in Sources */ = {isa = PBXBuildFile; fileRef = 04B953CD2C06B4260015C45D /* AddClothes.swift */; };
		04BA1EAB2C0228BF006F4069 /* SplashScreenItem.swift in Sources */ = {isa = PBXBuildFile; fileRef = 04BA1E9F2C0228BF006F4069 /* SplashScreenItem.swift */; };
		04BA1EAC2C0228BF006F4069 /* Banner.swift in Sources */ = {isa = PBXBuildFile; fileRef = 04BA1EA12C0228BF006F4069 /* Banner.swift */; };
		04BA1EAD2C0228BF006F4069 /* Header.swift in Sources */ = {isa = PBXBuildFile; fileRef = 04BA1EA22C0228BF006F4069 /* Header.swift */; };
		04BA1EAE2C0228BF006F4069 /* Navigation.swift in Sources */ = {isa = PBXBuildFile; fileRef = 04BA1EA32C0228BF006F4069 /* Navigation.swift */; };
		04BA1EAF2C0228BF006F4069 /* IconMenu.swift in Sources */ = {isa = PBXBuildFile; fileRef = 04BA1EA42C0228BF006F4069 /* IconMenu.swift */; };
		04BA1EB02C0228BF006F4069 /* StyleInfoView.swift in Sources */ = {isa = PBXBuildFile; fileRef = 04BA1EA52C0228BF006F4069 /* StyleInfoView.swift */; };
		04BA1EB12C0228BF006F4069 /* YourWardrobe.swift in Sources */ = {isa = PBXBuildFile; fileRef = 04BA1EA62C0228BF006F4069 /* YourWardrobe.swift */; };
		04BA1EB22C0228BF006F4069 /* Color+Brand.swift in Sources */ = {isa = PBXBuildFile; fileRef = 04BA1EA92C0228BF006F4069 /* Color+Brand.swift */; };
		04BA1EB92C039982006F4069 /* BackButton.swift in Sources */ = {isa = PBXBuildFile; fileRef = 04BA1EB82C039982006F4069 /* BackButton.swift */; };
		04BA1EBF2C03A6B5006F4069 /* TrialView.swift in Sources */ = {isa = PBXBuildFile; fileRef = 04BA1EBE2C03A6B5006F4069 /* TrialView.swift */; };
		04BA1EC12C03BAF1006F4069 /* HomeView1.swift in Sources */ = {isa = PBXBuildFile; fileRef = 04BA1EC02C03BAF1006F4069 /* HomeView1.swift */; };
		04BA1EC32C03C163006F4069 /* WardrobeView.swift in Sources */ = {isa = PBXBuildFile; fileRef = 04BA1EC22C03C163006F4069 /* WardrobeView.swift */; };
		04BA1EC52C03C435006F4069 /* CalendarView.swift in Sources */ = {isa = PBXBuildFile; fileRef = 04BA1EC42C03C435006F4069 /* CalendarView.swift */; };
		04BA1EC72C03C46C006F4069 /* LooksView.swift in Sources */ = {isa = PBXBuildFile; fileRef = 04BA1EC62C03C46C006F4069 /* LooksView.swift */; };
		04BA1EC92C04FA13006F4069 /* TabItem.swift in Sources */ = {isa = PBXBuildFile; fileRef = 04BA1EC82C04FA13006F4069 /* TabItem.swift */; };
		04CB9C7D2C07265B001FC84F /* WardrobeItem.swift in Sources */ = {isa = PBXBuildFile; fileRef = 04CB9C7C2C07265B001FC84F /* WardrobeItem.swift */; };
		04CB9C7F2C073772001FC84F /* CategoryDetail.swift in Sources */ = {isa = PBXBuildFile; fileRef = 04CB9C7E2C073772001FC84F /* CategoryDetail.swift */; };
		04CB9C832C073867001FC84F /* WardrobeViewModel.swift in Sources */ = {isa = PBXBuildFile; fileRef = 04CB9C822C073867001FC84F /* WardrobeViewModel.swift */; };
		04CF61E02BFF78090053FA09 /* StyleSphereApp.swift in Sources */ = {isa = PBXBuildFile; fileRef = 04CF61DF2BFF78090053FA09 /* StyleSphereApp.swift */; };
		04CF61E22BFF78090053FA09 /* ContentView.swift in Sources */ = {isa = PBXBuildFile; fileRef = 04CF61E12BFF78090053FA09 /* ContentView.swift */; };
		04CF61E42BFF780B0053FA09 /* Assets.xcassets in Resources */ = {isa = PBXBuildFile; fileRef = 04CF61E32BFF780B0053FA09 /* Assets.xcassets */; };
		04CF61E72BFF780B0053FA09 /* Preview Assets.xcassets in Resources */ = {isa = PBXBuildFile; fileRef = 04CF61E62BFF780B0053FA09 /* Preview Assets.xcassets */; };
		04CF61F02BFF7D880053FA09 /* SplashScreenView1.swift in Sources */ = {isa = PBXBuildFile; fileRef = 04CF61EF2BFF7D880053FA09 /* SplashScreenView1.swift */; };
		04CF61F52BFF7F820053FA09 /* Color+Brand.swift in Sources */ = {isa = PBXBuildFile; fileRef = 04CF61F42BFF7F820053FA09 /* Color+Brand.swift */; };
		04CF61FD2BFF911A0053FA09 /* SplashScreenView.swift in Sources */ = {isa = PBXBuildFile; fileRef = 04CF61FC2BFF911A0053FA09 /* SplashScreenView.swift */; };
		04EF6ADD2C085CF500BA2B80 /* DateValue.swift in Sources */ = {isa = PBXBuildFile; fileRef = 04EF6ADC2C085CF500BA2B80 /* DateValue.swift */; };
		3FF0101D2C09627E00A1A375 /* ContentView.swift in Sources */ = {isa = PBXBuildFile; fileRef = 3FF0101C2C09627E00A1A375 /* ContentView.swift */; };
		3FF0101F2C09627F00A1A375 /* Assets.xcassets in Resources */ = {isa = PBXBuildFile; fileRef = 3FF0101E2C09627F00A1A375 /* Assets.xcassets */; };
		3FF010222C09627F00A1A375 /* Preview Assets.xcassets in Resources */ = {isa = PBXBuildFile; fileRef = 3FF010212C09627F00A1A375 /* Preview Assets.xcassets */; };
/* End PBXBuildFile section */

/* Begin PBXFileReference section */
		046EFCF52C088158002C3E2A /* Event.swift */ = {isa = PBXFileReference; lastKnownFileType = sourcecode.swift; path = Event.swift; sourceTree = "<group>"; };
		046EFCF72C0881F6002C3E2A /* IdentifiableDate.swift */ = {isa = PBXFileReference; lastKnownFileType = sourcecode.swift; path = IdentifiableDate.swift; sourceTree = "<group>"; };
		046EFCF92C08846E002C3E2A /* AddEvent.swift */ = {isa = PBXFileReference; lastKnownFileType = sourcecode.swift; path = AddEvent.swift; sourceTree = "<group>"; };
		046EFCFB2C088745002C3E2A /* EventShowcaseView.swift */ = {isa = PBXFileReference; lastKnownFileType = sourcecode.swift; path = EventShowcaseView.swift; sourceTree = "<group>"; };
		046EFCFD2C08877E002C3E2A /* EventCard.swift */ = {isa = PBXFileReference; lastKnownFileType = sourcecode.swift; path = EventCard.swift; sourceTree = "<group>"; };
		046EFCFF2C0887C8002C3E2A /* EventDetailView.swift */ = {isa = PBXFileReference; lastKnownFileType = sourcecode.swift; path = EventDetailView.swift; sourceTree = "<group>"; };
		04B953CD2C06B4260015C45D /* AddClothes.swift */ = {isa = PBXFileReference; lastKnownFileType = sourcecode.swift; path = AddClothes.swift; sourceTree = "<group>"; };
		04BA1E9F2C0228BF006F4069 /* SplashScreenItem.swift */ = {isa = PBXFileReference; fileEncoding = 4; lastKnownFileType = sourcecode.swift; path = SplashScreenItem.swift; sourceTree = "<group>"; };
		04BA1EA12C0228BF006F4069 /* Banner.swift */ = {isa = PBXFileReference; fileEncoding = 4; lastKnownFileType = sourcecode.swift; path = Banner.swift; sourceTree = "<group>"; };
		04BA1EA22C0228BF006F4069 /* Header.swift */ = {isa = PBXFileReference; fileEncoding = 4; lastKnownFileType = sourcecode.swift; path = Header.swift; sourceTree = "<group>"; };
		04BA1EA32C0228BF006F4069 /* Navigation.swift */ = {isa = PBXFileReference; fileEncoding = 4; lastKnownFileType = sourcecode.swift; path = Navigation.swift; sourceTree = "<group>"; };
		04BA1EA42C0228BF006F4069 /* IconMenu.swift */ = {isa = PBXFileReference; fileEncoding = 4; lastKnownFileType = sourcecode.swift; path = IconMenu.swift; sourceTree = "<group>"; };
		04BA1EA52C0228BF006F4069 /* StyleInfoView.swift */ = {isa = PBXFileReference; fileEncoding = 4; lastKnownFileType = sourcecode.swift; path = StyleInfoView.swift; sourceTree = "<group>"; };
		04BA1EA62C0228BF006F4069 /* YourWardrobe.swift */ = {isa = PBXFileReference; fileEncoding = 4; lastKnownFileType = sourcecode.swift; path = YourWardrobe.swift; sourceTree = "<group>"; };
		04BA1EA92C0228BF006F4069 /* Color+Brand.swift */ = {isa = PBXFileReference; fileEncoding = 4; lastKnownFileType = sourcecode.swift; path = "Color+Brand.swift"; sourceTree = "<group>"; };
		04BA1EB82C039982006F4069 /* BackButton.swift */ = {isa = PBXFileReference; lastKnownFileType = sourcecode.swift; path = BackButton.swift; sourceTree = "<group>"; };
		04BA1EBE2C03A6B5006F4069 /* TrialView.swift */ = {isa = PBXFileReference; lastKnownFileType = sourcecode.swift; path = TrialView.swift; sourceTree = "<group>"; };
		04BA1EC02C03BAF1006F4069 /* HomeView1.swift */ = {isa = PBXFileReference; lastKnownFileType = sourcecode.swift; path = HomeView1.swift; sourceTree = "<group>"; };
		04BA1EC22C03C163006F4069 /* WardrobeView.swift */ = {isa = PBXFileReference; lastKnownFileType = sourcecode.swift; path = WardrobeView.swift; sourceTree = "<group>"; };
		04BA1EC42C03C435006F4069 /* CalendarView.swift */ = {isa = PBXFileReference; lastKnownFileType = sourcecode.swift; path = CalendarView.swift; sourceTree = "<group>"; };
		04BA1EC62C03C46C006F4069 /* LooksView.swift */ = {isa = PBXFileReference; lastKnownFileType = sourcecode.swift; path = LooksView.swift; sourceTree = "<group>"; };
		04BA1EC82C04FA13006F4069 /* TabItem.swift */ = {isa = PBXFileReference; lastKnownFileType = sourcecode.swift; path = TabItem.swift; sourceTree = "<group>"; };
		04CB9C7C2C07265B001FC84F /* WardrobeItem.swift */ = {isa = PBXFileReference; lastKnownFileType = sourcecode.swift; path = WardrobeItem.swift; sourceTree = "<group>"; };
		04CB9C7E2C073772001FC84F /* CategoryDetail.swift */ = {isa = PBXFileReference; lastKnownFileType = sourcecode.swift; path = CategoryDetail.swift; sourceTree = "<group>"; };
		04CB9C822C073867001FC84F /* WardrobeViewModel.swift */ = {isa = PBXFileReference; lastKnownFileType = sourcecode.swift; path = WardrobeViewModel.swift; sourceTree = "<group>"; };
		04CF61DC2BFF78090053FA09 /* StyleSphere.app */ = {isa = PBXFileReference; explicitFileType = wrapper.application; includeInIndex = 0; path = StyleSphere.app; sourceTree = BUILT_PRODUCTS_DIR; };
		04CF61DF2BFF78090053FA09 /* StyleSphereApp.swift */ = {isa = PBXFileReference; lastKnownFileType = sourcecode.swift; path = StyleSphereApp.swift; sourceTree = "<group>"; };
		04CF61E12BFF78090053FA09 /* ContentView.swift */ = {isa = PBXFileReference; lastKnownFileType = sourcecode.swift; path = ContentView.swift; sourceTree = "<group>"; };
		04CF61E32BFF780B0053FA09 /* Assets.xcassets */ = {isa = PBXFileReference; lastKnownFileType = folder.assetcatalog; path = Assets.xcassets; sourceTree = "<group>"; };
		04CF61E62BFF780B0053FA09 /* Preview Assets.xcassets */ = {isa = PBXFileReference; lastKnownFileType = folder.assetcatalog; path = "Preview Assets.xcassets"; sourceTree = "<group>"; };
		04CF61EF2BFF7D880053FA09 /* SplashScreenView1.swift */ = {isa = PBXFileReference; lastKnownFileType = sourcecode.swift; path = SplashScreenView1.swift; sourceTree = "<group>"; };
		04CF61F42BFF7F820053FA09 /* Color+Brand.swift */ = {isa = PBXFileReference; lastKnownFileType = sourcecode.swift; path = "Color+Brand.swift"; sourceTree = "<group>"; };
		04CF61FC2BFF911A0053FA09 /* SplashScreenView.swift */ = {isa = PBXFileReference; lastKnownFileType = sourcecode.swift; path = SplashScreenView.swift; sourceTree = "<group>"; };
		04EF6ADC2C085CF500BA2B80 /* DateValue.swift */ = {isa = PBXFileReference; lastKnownFileType = sourcecode.swift; path = DateValue.swift; sourceTree = "<group>"; };
		3FF010182C09627E00A1A375 /* StyleSphereIpad.app */ = {isa = PBXFileReference; explicitFileType = wrapper.application; includeInIndex = 0; path = StyleSphereIpad.app; sourceTree = BUILT_PRODUCTS_DIR; };
		3FF0101C2C09627E00A1A375 /* ContentView.swift */ = {isa = PBXFileReference; lastKnownFileType = sourcecode.swift; path = ContentView.swift; sourceTree = "<group>"; };
		3FF0101E2C09627F00A1A375 /* Assets.xcassets */ = {isa = PBXFileReference; lastKnownFileType = folder.assetcatalog; path = Assets.xcassets; sourceTree = "<group>"; };
		3FF010212C09627F00A1A375 /* Preview Assets.xcassets */ = {isa = PBXFileReference; lastKnownFileType = folder.assetcatalog; path = "Preview Assets.xcassets"; sourceTree = "<group>"; };
/* End PBXFileReference section */

/* Begin PBXFrameworksBuildPhase section */
		04CF61D92BFF78090053FA09 /* Frameworks */ = {
			isa = PBXFrameworksBuildPhase;
			buildActionMask = 2147483647;
			files = (
			);
			runOnlyForDeploymentPostprocessing = 0;
		};
		3FF010152C09627E00A1A375 /* Frameworks */ = {
			isa = PBXFrameworksBuildPhase;
			buildActionMask = 2147483647;
			files = (
			);
			runOnlyForDeploymentPostprocessing = 0;
		};
/* End PBXFrameworksBuildPhase section */

/* Begin PBXGroup section */
		04BA1EA02C0228BF006F4069 /* Model */ = {
			isa = PBXGroup;
			children = (
				04CB9C822C073867001FC84F /* WardrobeViewModel.swift */,
				04BA1E9F2C0228BF006F4069 /* SplashScreenItem.swift */,
				04BA1EC82C04FA13006F4069 /* TabItem.swift */,
				04CB9C7C2C07265B001FC84F /* WardrobeItem.swift */,
				04EF6ADC2C085CF500BA2B80 /* DateValue.swift */,
				046EFCF52C088158002C3E2A /* Event.swift */,
				046EFCF72C0881F6002C3E2A /* IdentifiableDate.swift */,
			);
			path = Model;
			sourceTree = "<group>";
		};
		04BA1EA72C0228BF006F4069 /* View */ = {
			isa = PBXGroup;
			children = (
				3FF0102A2C0969C600A1A375 /* SplashScreen */,
				3FF010292C09698300A1A375 /* Calendar */,
				3FF010282C09696C00A1A375 /* Looks */,
				3FF010272C09693700A1A375 /* Wardrobe */,
				3FF010262C0968F400A1A375 /* Homepage */,
				04BA1EB72C039970006F4069 /* Component */,
				04BA1EA32C0228BF006F4069 /* Navigation.swift */,
			);
			path = View;
			sourceTree = "<group>";
		};
		04BA1EA82C0228BF006F4069 /* HomePage */ = {
			isa = PBXGroup;
			children = (
				04BA1EA72C0228BF006F4069 /* View */,
			);
			path = HomePage;
			sourceTree = "<group>";
		};
		04BA1EAA2C0228BF006F4069 /* Utils */ = {
			isa = PBXGroup;
			children = (
				04BA1EA92C0228BF006F4069 /* Color+Brand.swift */,
			);
			path = Utils;
			sourceTree = "<group>";
		};
		04BA1EB72C039970006F4069 /* Component */ = {
			isa = PBXGroup;
			children = (
				04BA1EB82C039982006F4069 /* BackButton.swift */,
				04BA1EBE2C03A6B5006F4069 /* TrialView.swift */,
				04BA1EA42C0228BF006F4069 /* IconMenu.swift */,
			);
			path = Component;
			sourceTree = "<group>";
		};
		04CF61D32BFF78090053FA09 = {
			isa = PBXGroup;
			children = (
				04CF61DE2BFF78090053FA09 /* StyleSphere */,
				3FF010192C09627E00A1A375 /* StyleSphereIpad */,
				04CF61DD2BFF78090053FA09 /* Products */,
			);
			sourceTree = "<group>";
		};
		04CF61DD2BFF78090053FA09 /* Products */ = {
			isa = PBXGroup;
			children = (
				04CF61DC2BFF78090053FA09 /* StyleSphere.app */,
				3FF010182C09627E00A1A375 /* StyleSphereIpad.app */,
			);
			name = Products;
			sourceTree = "<group>";
		};
		04CF61DE2BFF78090053FA09 /* StyleSphere */ = {
			isa = PBXGroup;
			children = (
				04BA1EA82C0228BF006F4069 /* HomePage */,
				04CF61F32BFF7F420053FA09 /* Utils */,
				04BA1EA02C0228BF006F4069 /* Model */,
				04BA1EAA2C0228BF006F4069 /* Utils */,
				04CF61DF2BFF78090053FA09 /* StyleSphereApp.swift */,
				04CF61E12BFF78090053FA09 /* ContentView.swift */,
				04CF61E32BFF780B0053FA09 /* Assets.xcassets */,
				04CF61E52BFF780B0053FA09 /* Preview Content */,
			);
			path = StyleSphere;
			sourceTree = "<group>";
		};
		04CF61E52BFF780B0053FA09 /* Preview Content */ = {
			isa = PBXGroup;
			children = (
				04CF61E62BFF780B0053FA09 /* Preview Assets.xcassets */,
			);
			path = "Preview Content";
			sourceTree = "<group>";
		};
		04CF61F32BFF7F420053FA09 /* Utils */ = {
			isa = PBXGroup;
			children = (
				04CF61F42BFF7F820053FA09 /* Color+Brand.swift */,
			);
			path = Utils;
			sourceTree = "<group>";
		};
		3FF010192C09627E00A1A375 /* StyleSphereIpad */ = {
			isa = PBXGroup;
			children = (
				3FF0101C2C09627E00A1A375 /* ContentView.swift */,
				3FF0101E2C09627F00A1A375 /* Assets.xcassets */,
				3FF010202C09627F00A1A375 /* Preview Content */,
			);
			path = StyleSphereIpad;
			sourceTree = "<group>";
		};
		3FF010202C09627F00A1A375 /* Preview Content */ = {
			isa = PBXGroup;
			children = (
				3FF010212C09627F00A1A375 /* Preview Assets.xcassets */,
			);
			path = "Preview Content";
			sourceTree = "<group>";
		};
		3FF010262C0968F400A1A375 /* Homepage */ = {
			isa = PBXGroup;
			children = (
				04BA1EA22C0228BF006F4069 /* Header.swift */,
				04BA1EA12C0228BF006F4069 /* Banner.swift */,
				04BA1EA52C0228BF006F4069 /* StyleInfoView.swift */,
				04BA1EA62C0228BF006F4069 /* YourWardrobe.swift */,
			);
			path = Homepage;
			sourceTree = "<group>";
		};
		3FF010272C09693700A1A375 /* Wardrobe */ = {
			isa = PBXGroup;
			children = (
				04BA1EC22C03C163006F4069 /* WardrobeView.swift */,
				04B953CD2C06B4260015C45D /* AddClothes.swift */,
				04CB9C7E2C073772001FC84F /* CategoryDetail.swift */,
				04BA1EC02C03BAF1006F4069 /* HomeView1.swift */,
			);
			path = Wardrobe;
			sourceTree = "<group>";
		};
		3FF010282C09696C00A1A375 /* Looks */ = {
			isa = PBXGroup;
			children = (
				04BA1EC62C03C46C006F4069 /* LooksView.swift */,
			);
			path = Looks;
			sourceTree = "<group>";
		};
		3FF010292C09698300A1A375 /* Calendar */ = {
			isa = PBXGroup;
			children = (
				04BA1EC42C03C435006F4069 /* CalendarView.swift */,
				046EFCF92C08846E002C3E2A /* AddEvent.swift */,
				046EFCFD2C08877E002C3E2A /* EventCard.swift */,
				046EFCFB2C088745002C3E2A /* EventShowcaseView.swift */,
				046EFCFF2C0887C8002C3E2A /* EventDetailView.swift */,
			);
			path = Calendar;
			sourceTree = "<group>";
		};
		3FF0102A2C0969C600A1A375 /* SplashScreen */ = {
			isa = PBXGroup;
			children = (
				04CF61EF2BFF7D880053FA09 /* SplashScreenView1.swift */,
				04CF61FC2BFF911A0053FA09 /* SplashScreenView.swift */,
			);
			path = SplashScreen;
			sourceTree = "<group>";
		};
/* End PBXGroup section */

/* Begin PBXNativeTarget section */
		04CF61DB2BFF78090053FA09 /* StyleSphere */ = {
			isa = PBXNativeTarget;
			buildConfigurationList = 04CF61EA2BFF780B0053FA09 /* Build configuration list for PBXNativeTarget "StyleSphere" */;
			buildPhases = (
				04CF61D82BFF78090053FA09 /* Sources */,
				04CF61D92BFF78090053FA09 /* Frameworks */,
				04CF61DA2BFF78090053FA09 /* Resources */,
			);
			buildRules = (
			);
			dependencies = (
			);
			name = StyleSphere;
			productName = StyleSphere;
			productReference = 04CF61DC2BFF78090053FA09 /* StyleSphere.app */;
			productType = "com.apple.product-type.application";
		};
		3FF010172C09627E00A1A375 /* StyleSphereIpad */ = {
			isa = PBXNativeTarget;
			buildConfigurationList = 3FF010252C09627F00A1A375 /* Build configuration list for PBXNativeTarget "StyleSphereIpad" */;
			buildPhases = (
				3FF010142C09627E00A1A375 /* Sources */,
				3FF010152C09627E00A1A375 /* Frameworks */,
				3FF010162C09627E00A1A375 /* Resources */,
			);
			buildRules = (
			);
			dependencies = (
			);
			name = StyleSphereIpad;
			productName = StyleSphereIpad;
			productReference = 3FF010182C09627E00A1A375 /* StyleSphereIpad.app */;
			productType = "com.apple.product-type.application";
		};
/* End PBXNativeTarget section */

/* Begin PBXProject section */
		04CF61D42BFF78090053FA09 /* Project object */ = {
			isa = PBXProject;
			attributes = {
				BuildIndependentTargetsInParallel = 1;
				LastSwiftUpdateCheck = 1540;
				LastUpgradeCheck = 1530;
				TargetAttributes = {
					04CF61DB2BFF78090053FA09 = {
						CreatedOnToolsVersion = 15.3;
					};
					3FF010172C09627E00A1A375 = {
						CreatedOnToolsVersion = 15.4;
					};
				};
			};
			buildConfigurationList = 04CF61D72BFF78090053FA09 /* Build configuration list for PBXProject "StyleSphere" */;
			compatibilityVersion = "Xcode 14.0";
			developmentRegion = en;
			hasScannedForEncodings = 0;
			knownRegions = (
				en,
				Base,
			);
			mainGroup = 04CF61D32BFF78090053FA09;
			productRefGroup = 04CF61DD2BFF78090053FA09 /* Products */;
			projectDirPath = "";
			projectRoot = "";
			targets = (
				04CF61DB2BFF78090053FA09 /* StyleSphere */,
				3FF010172C09627E00A1A375 /* StyleSphereIpad */,
			);
		};
/* End PBXProject section */

/* Begin PBXResourcesBuildPhase section */
		04CF61DA2BFF78090053FA09 /* Resources */ = {
			isa = PBXResourcesBuildPhase;
			buildActionMask = 2147483647;
			files = (
				04CF61E72BFF780B0053FA09 /* Preview Assets.xcassets in Resources */,
				04CF61E42BFF780B0053FA09 /* Assets.xcassets in Resources */,
			);
			runOnlyForDeploymentPostprocessing = 0;
		};
		3FF010162C09627E00A1A375 /* Resources */ = {
			isa = PBXResourcesBuildPhase;
			buildActionMask = 2147483647;
			files = (
				3FF010222C09627F00A1A375 /* Preview Assets.xcassets in Resources */,
				3FF0101F2C09627F00A1A375 /* Assets.xcassets in Resources */,
			);
			runOnlyForDeploymentPostprocessing = 0;
		};
/* End PBXResourcesBuildPhase section */

/* Begin PBXSourcesBuildPhase section */
		04CF61D82BFF78090053FA09 /* Sources */ = {
			isa = PBXSourcesBuildPhase;
			buildActionMask = 2147483647;
			files = (
				04BA1EAB2C0228BF006F4069 /* SplashScreenItem.swift in Sources */,
				04BA1EAD2C0228BF006F4069 /* Header.swift in Sources */,
				04BA1EBF2C03A6B5006F4069 /* TrialView.swift in Sources */,
				04BA1EB02C0228BF006F4069 /* StyleInfoView.swift in Sources */,
				046EFCFE2C08877E002C3E2A /* EventCard.swift in Sources */,
				04CB9C832C073867001FC84F /* WardrobeViewModel.swift in Sources */,
				046EFCFC2C088745002C3E2A /* EventShowcaseView.swift in Sources */,
				04CF61E22BFF78090053FA09 /* ContentView.swift in Sources */,
				04CB9C7F2C073772001FC84F /* CategoryDetail.swift in Sources */,
				04BA1EAE2C0228BF006F4069 /* Navigation.swift in Sources */,
				04BA1EAF2C0228BF006F4069 /* IconMenu.swift in Sources */,
				04CF61F52BFF7F820053FA09 /* Color+Brand.swift in Sources */,
				046EFD002C0887C8002C3E2A /* EventDetailView.swift in Sources */,
				04CF61E02BFF78090053FA09 /* StyleSphereApp.swift in Sources */,
				046EFCF82C0881F6002C3E2A /* IdentifiableDate.swift in Sources */,
				046EFCFA2C08846E002C3E2A /* AddEvent.swift in Sources */,
				04BA1EC12C03BAF1006F4069 /* HomeView1.swift in Sources */,
				046EFCF62C088158002C3E2A /* Event.swift in Sources */,
				04CF61F02BFF7D880053FA09 /* SplashScreenView1.swift in Sources */,
				04EF6ADD2C085CF500BA2B80 /* DateValue.swift in Sources */,
				04BA1EB12C0228BF006F4069 /* YourWardrobe.swift in Sources */,
				04BA1EC72C03C46C006F4069 /* LooksView.swift in Sources */,
				04BA1EAC2C0228BF006F4069 /* Banner.swift in Sources */,
				04B953CE2C06B4260015C45D /* AddClothes.swift in Sources */,
				04BA1EB22C0228BF006F4069 /* Color+Brand.swift in Sources */,
				04CB9C7D2C07265B001FC84F /* WardrobeItem.swift in Sources */,
				04BA1EC52C03C435006F4069 /* CalendarView.swift in Sources */,
				04CF61FD2BFF911A0053FA09 /* SplashScreenView.swift in Sources */,
				04BA1EC32C03C163006F4069 /* WardrobeView.swift in Sources */,
				04BA1EC92C04FA13006F4069 /* TabItem.swift in Sources */,
				04BA1EB92C039982006F4069 /* BackButton.swift in Sources */,
			);
			runOnlyForDeploymentPostprocessing = 0;
		};
		3FF010142C09627E00A1A375 /* Sources */ = {
			isa = PBXSourcesBuildPhase;
			buildActionMask = 2147483647;
			files = (
				3FF0101D2C09627E00A1A375 /* ContentView.swift in Sources */,
			);
			runOnlyForDeploymentPostprocessing = 0;
		};
/* End PBXSourcesBuildPhase section */

/* Begin XCBuildConfiguration section */
		04CF61E82BFF780B0053FA09 /* Debug */ = {
			isa = XCBuildConfiguration;
			buildSettings = {
				ALWAYS_SEARCH_USER_PATHS = NO;
				ASSETCATALOG_COMPILER_GENERATE_SWIFT_ASSET_SYMBOL_EXTENSIONS = YES;
				CLANG_ANALYZER_NONNULL = YES;
				CLANG_ANALYZER_NUMBER_OBJECT_CONVERSION = YES_AGGRESSIVE;
				CLANG_CXX_LANGUAGE_STANDARD = "gnu++20";
				CLANG_ENABLE_MODULES = YES;
				CLANG_ENABLE_OBJC_ARC = YES;
				CLANG_ENABLE_OBJC_WEAK = YES;
				CLANG_WARN_BLOCK_CAPTURE_AUTORELEASING = YES;
				CLANG_WARN_BOOL_CONVERSION = YES;
				CLANG_WARN_COMMA = YES;
				CLANG_WARN_CONSTANT_CONVERSION = YES;
				CLANG_WARN_DEPRECATED_OBJC_IMPLEMENTATIONS = YES;
				CLANG_WARN_DIRECT_OBJC_ISA_USAGE = YES_ERROR;
				CLANG_WARN_DOCUMENTATION_COMMENTS = YES;
				CLANG_WARN_EMPTY_BODY = YES;
				CLANG_WARN_ENUM_CONVERSION = YES;
				CLANG_WARN_INFINITE_RECURSION = YES;
				CLANG_WARN_INT_CONVERSION = YES;
				CLANG_WARN_NON_LITERAL_NULL_CONVERSION = YES;
				CLANG_WARN_OBJC_IMPLICIT_RETAIN_SELF = YES;
				CLANG_WARN_OBJC_LITERAL_CONVERSION = YES;
				CLANG_WARN_OBJC_ROOT_CLASS = YES_ERROR;
				CLANG_WARN_QUOTED_INCLUDE_IN_FRAMEWORK_HEADER = YES;
				CLANG_WARN_RANGE_LOOP_ANALYSIS = YES;
				CLANG_WARN_STRICT_PROTOTYPES = YES;
				CLANG_WARN_SUSPICIOUS_MOVE = YES;
				CLANG_WARN_UNGUARDED_AVAILABILITY = YES_AGGRESSIVE;
				CLANG_WARN_UNREACHABLE_CODE = YES;
				CLANG_WARN__DUPLICATE_METHOD_MATCH = YES;
				COPY_PHASE_STRIP = NO;
				DEBUG_INFORMATION_FORMAT = dwarf;
				ENABLE_STRICT_OBJC_MSGSEND = YES;
				ENABLE_TESTABILITY = YES;
				ENABLE_USER_SCRIPT_SANDBOXING = YES;
				GCC_C_LANGUAGE_STANDARD = gnu17;
				GCC_DYNAMIC_NO_PIC = NO;
				GCC_NO_COMMON_BLOCKS = YES;
				GCC_OPTIMIZATION_LEVEL = 0;
				GCC_PREPROCESSOR_DEFINITIONS = (
					"DEBUG=1",
					"$(inherited)",
				);
				GCC_WARN_64_TO_32_BIT_CONVERSION = YES;
				GCC_WARN_ABOUT_RETURN_TYPE = YES_ERROR;
				GCC_WARN_UNDECLARED_SELECTOR = YES;
				GCC_WARN_UNINITIALIZED_AUTOS = YES_AGGRESSIVE;
				GCC_WARN_UNUSED_FUNCTION = YES;
				GCC_WARN_UNUSED_VARIABLE = YES;
				IPHONEOS_DEPLOYMENT_TARGET = 17.4;
				LOCALIZATION_PREFERS_STRING_CATALOGS = YES;
				MTL_ENABLE_DEBUG_INFO = INCLUDE_SOURCE;
				MTL_FAST_MATH = YES;
				ONLY_ACTIVE_ARCH = YES;
				SDKROOT = iphoneos;
				SWIFT_ACTIVE_COMPILATION_CONDITIONS = "DEBUG $(inherited)";
				SWIFT_OPTIMIZATION_LEVEL = "-Onone";
			};
			name = Debug;
		};
		04CF61E92BFF780B0053FA09 /* Release */ = {
			isa = XCBuildConfiguration;
			buildSettings = {
				ALWAYS_SEARCH_USER_PATHS = NO;
				ASSETCATALOG_COMPILER_GENERATE_SWIFT_ASSET_SYMBOL_EXTENSIONS = YES;
				CLANG_ANALYZER_NONNULL = YES;
				CLANG_ANALYZER_NUMBER_OBJECT_CONVERSION = YES_AGGRESSIVE;
				CLANG_CXX_LANGUAGE_STANDARD = "gnu++20";
				CLANG_ENABLE_MODULES = YES;
				CLANG_ENABLE_OBJC_ARC = YES;
				CLANG_ENABLE_OBJC_WEAK = YES;
				CLANG_WARN_BLOCK_CAPTURE_AUTORELEASING = YES;
				CLANG_WARN_BOOL_CONVERSION = YES;
				CLANG_WARN_COMMA = YES;
				CLANG_WARN_CONSTANT_CONVERSION = YES;
				CLANG_WARN_DEPRECATED_OBJC_IMPLEMENTATIONS = YES;
				CLANG_WARN_DIRECT_OBJC_ISA_USAGE = YES_ERROR;
				CLANG_WARN_DOCUMENTATION_COMMENTS = YES;
				CLANG_WARN_EMPTY_BODY = YES;
				CLANG_WARN_ENUM_CONVERSION = YES;
				CLANG_WARN_INFINITE_RECURSION = YES;
				CLANG_WARN_INT_CONVERSION = YES;
				CLANG_WARN_NON_LITERAL_NULL_CONVERSION = YES;
				CLANG_WARN_OBJC_IMPLICIT_RETAIN_SELF = YES;
				CLANG_WARN_OBJC_LITERAL_CONVERSION = YES;
				CLANG_WARN_OBJC_ROOT_CLASS = YES_ERROR;
				CLANG_WARN_QUOTED_INCLUDE_IN_FRAMEWORK_HEADER = YES;
				CLANG_WARN_RANGE_LOOP_ANALYSIS = YES;
				CLANG_WARN_STRICT_PROTOTYPES = YES;
				CLANG_WARN_SUSPICIOUS_MOVE = YES;
				CLANG_WARN_UNGUARDED_AVAILABILITY = YES_AGGRESSIVE;
				CLANG_WARN_UNREACHABLE_CODE = YES;
				CLANG_WARN__DUPLICATE_METHOD_MATCH = YES;
				COPY_PHASE_STRIP = NO;
				DEBUG_INFORMATION_FORMAT = "dwarf-with-dsym";
				ENABLE_NS_ASSERTIONS = NO;
				ENABLE_STRICT_OBJC_MSGSEND = YES;
				ENABLE_USER_SCRIPT_SANDBOXING = YES;
				GCC_C_LANGUAGE_STANDARD = gnu17;
				GCC_NO_COMMON_BLOCKS = YES;
				GCC_WARN_64_TO_32_BIT_CONVERSION = YES;
				GCC_WARN_ABOUT_RETURN_TYPE = YES_ERROR;
				GCC_WARN_UNDECLARED_SELECTOR = YES;
				GCC_WARN_UNINITIALIZED_AUTOS = YES_AGGRESSIVE;
				GCC_WARN_UNUSED_FUNCTION = YES;
				GCC_WARN_UNUSED_VARIABLE = YES;
				IPHONEOS_DEPLOYMENT_TARGET = 17.4;
				LOCALIZATION_PREFERS_STRING_CATALOGS = YES;
				MTL_ENABLE_DEBUG_INFO = NO;
				MTL_FAST_MATH = YES;
				SDKROOT = iphoneos;
				SWIFT_COMPILATION_MODE = wholemodule;
				VALIDATE_PRODUCT = YES;
			};
			name = Release;
		};
		04CF61EB2BFF780B0053FA09 /* Debug */ = {
			isa = XCBuildConfiguration;
			buildSettings = {
				ASSETCATALOG_COMPILER_APPICON_NAME = AppIcon;
				ASSETCATALOG_COMPILER_GLOBAL_ACCENT_COLOR_NAME = AccentColor;
				CODE_SIGN_STYLE = Automatic;
				CURRENT_PROJECT_VERSION = 1;
				DEVELOPMENT_ASSET_PATHS = "\"StyleSphere/Preview Content\"";
				ENABLE_PREVIEWS = YES;
				GENERATE_INFOPLIST_FILE = YES;
				INFOPLIST_KEY_UIApplicationSceneManifest_Generation = YES;
				INFOPLIST_KEY_UIApplicationSupportsIndirectInputEvents = YES;
				INFOPLIST_KEY_UILaunchScreen_Generation = YES;
				INFOPLIST_KEY_UISupportedInterfaceOrientations_iPad = "UIInterfaceOrientationPortrait UIInterfaceOrientationPortraitUpsideDown UIInterfaceOrientationLandscapeLeft UIInterfaceOrientationLandscapeRight";
				INFOPLIST_KEY_UISupportedInterfaceOrientations_iPhone = "UIInterfaceOrientationPortrait UIInterfaceOrientationLandscapeLeft UIInterfaceOrientationLandscapeRight";
				LD_RUNPATH_SEARCH_PATHS = (
					"$(inherited)",
					"@executable_path/Frameworks",
				);
				MARKETING_VERSION = 1.0;
				PRODUCT_BUNDLE_IDENTIFIER = uc.StyleSphere;
				PRODUCT_NAME = "$(TARGET_NAME)";
				SWIFT_EMIT_LOC_STRINGS = YES;
				SWIFT_VERSION = 5.0;
				TARGETED_DEVICE_FAMILY = "1,2";
			};
			name = Debug;
		};
		04CF61EC2BFF780B0053FA09 /* Release */ = {
			isa = XCBuildConfiguration;
			buildSettings = {
				ASSETCATALOG_COMPILER_APPICON_NAME = AppIcon;
				ASSETCATALOG_COMPILER_GLOBAL_ACCENT_COLOR_NAME = AccentColor;
				CODE_SIGN_STYLE = Automatic;
				CURRENT_PROJECT_VERSION = 1;
				DEVELOPMENT_ASSET_PATHS = "\"StyleSphere/Preview Content\"";
				ENABLE_PREVIEWS = YES;
				GENERATE_INFOPLIST_FILE = YES;
				INFOPLIST_KEY_UIApplicationSceneManifest_Generation = YES;
				INFOPLIST_KEY_UIApplicationSupportsIndirectInputEvents = YES;
				INFOPLIST_KEY_UILaunchScreen_Generation = YES;
				INFOPLIST_KEY_UISupportedInterfaceOrientations_iPad = "UIInterfaceOrientationPortrait UIInterfaceOrientationPortraitUpsideDown UIInterfaceOrientationLandscapeLeft UIInterfaceOrientationLandscapeRight";
				INFOPLIST_KEY_UISupportedInterfaceOrientations_iPhone = "UIInterfaceOrientationPortrait UIInterfaceOrientationLandscapeLeft UIInterfaceOrientationLandscapeRight";
				LD_RUNPATH_SEARCH_PATHS = (
					"$(inherited)",
					"@executable_path/Frameworks",
				);
				MARKETING_VERSION = 1.0;
				PRODUCT_BUNDLE_IDENTIFIER = uc.StyleSphere;
				PRODUCT_NAME = "$(TARGET_NAME)";
				SWIFT_EMIT_LOC_STRINGS = YES;
				SWIFT_VERSION = 5.0;
				TARGETED_DEVICE_FAMILY = "1,2";
			};
			name = Release;
		};
		3FF010232C09627F00A1A375 /* Debug */ = {
			isa = XCBuildConfiguration;
			buildSettings = {
				ASSETCATALOG_COMPILER_APPICON_NAME = AppIcon;
				ASSETCATALOG_COMPILER_GLOBAL_ACCENT_COLOR_NAME = AccentColor;
				CODE_SIGN_STYLE = Automatic;
				CURRENT_PROJECT_VERSION = 1;
				DEVELOPMENT_ASSET_PATHS = "\"StyleSphereIpad/Preview Content\"";
				ENABLE_PREVIEWS = YES;
				GENERATE_INFOPLIST_FILE = YES;
				INFOPLIST_KEY_UIApplicationSceneManifest_Generation = YES;
				INFOPLIST_KEY_UIApplicationSupportsIndirectInputEvents = YES;
				INFOPLIST_KEY_UILaunchScreen_Generation = YES;
				INFOPLIST_KEY_UISupportedInterfaceOrientations_iPad = "UIInterfaceOrientationPortrait UIInterfaceOrientationPortraitUpsideDown UIInterfaceOrientationLandscapeLeft UIInterfaceOrientationLandscapeRight";
				INFOPLIST_KEY_UISupportedInterfaceOrientations_iPhone = "UIInterfaceOrientationPortrait UIInterfaceOrientationLandscapeLeft UIInterfaceOrientationLandscapeRight";
				IPHONEOS_DEPLOYMENT_TARGET = 17.5;
				LD_RUNPATH_SEARCH_PATHS = (
					"$(inherited)",
					"@executable_path/Frameworks",
				);
				MARKETING_VERSION = 1.0;
				PRODUCT_BUNDLE_IDENTIFIER = kimiharisen.StyleSphereIpad;
				PRODUCT_NAME = "$(TARGET_NAME)";
				SWIFT_EMIT_LOC_STRINGS = YES;
				SWIFT_VERSION = 5.0;
				TARGETED_DEVICE_FAMILY = "1,2";
			};
			name = Debug;
		};
		3FF010242C09627F00A1A375 /* Release */ = {
			isa = XCBuildConfiguration;
			buildSettings = {
				ASSETCATALOG_COMPILER_APPICON_NAME = AppIcon;
				ASSETCATALOG_COMPILER_GLOBAL_ACCENT_COLOR_NAME = AccentColor;
				CODE_SIGN_STYLE = Automatic;
				CURRENT_PROJECT_VERSION = 1;
				DEVELOPMENT_ASSET_PATHS = "\"StyleSphereIpad/Preview Content\"";
				ENABLE_PREVIEWS = YES;
				GENERATE_INFOPLIST_FILE = YES;
				INFOPLIST_KEY_UIApplicationSceneManifest_Generation = YES;
				INFOPLIST_KEY_UIApplicationSupportsIndirectInputEvents = YES;
				INFOPLIST_KEY_UILaunchScreen_Generation = YES;
				INFOPLIST_KEY_UISupportedInterfaceOrientations_iPad = "UIInterfaceOrientationPortrait UIInterfaceOrientationPortraitUpsideDown UIInterfaceOrientationLandscapeLeft UIInterfaceOrientationLandscapeRight";
				INFOPLIST_KEY_UISupportedInterfaceOrientations_iPhone = "UIInterfaceOrientationPortrait UIInterfaceOrientationLandscapeLeft UIInterfaceOrientationLandscapeRight";
				IPHONEOS_DEPLOYMENT_TARGET = 17.5;
				LD_RUNPATH_SEARCH_PATHS = (
					"$(inherited)",
					"@executable_path/Frameworks",
				);
				MARKETING_VERSION = 1.0;
				PRODUCT_BUNDLE_IDENTIFIER = kimiharisen.StyleSphereIpad;
				PRODUCT_NAME = "$(TARGET_NAME)";
				SWIFT_EMIT_LOC_STRINGS = YES;
				SWIFT_VERSION = 5.0;
				TARGETED_DEVICE_FAMILY = "1,2";
			};
			name = Release;
		};
/* End XCBuildConfiguration section */

/* Begin XCConfigurationList section */
		04CF61D72BFF78090053FA09 /* Build configuration list for PBXProject "StyleSphere" */ = {
			isa = XCConfigurationList;
			buildConfigurations = (
				04CF61E82BFF780B0053FA09 /* Debug */,
				04CF61E92BFF780B0053FA09 /* Release */,
			);
			defaultConfigurationIsVisible = 0;
			defaultConfigurationName = Release;
		};
		04CF61EA2BFF780B0053FA09 /* Build configuration list for PBXNativeTarget "StyleSphere" */ = {
			isa = XCConfigurationList;
			buildConfigurations = (
				04CF61EB2BFF780B0053FA09 /* Debug */,
				04CF61EC2BFF780B0053FA09 /* Release */,
			);
			defaultConfigurationIsVisible = 0;
			defaultConfigurationName = Release;
		};
		3FF010252C09627F00A1A375 /* Build configuration list for PBXNativeTarget "StyleSphereIpad" */ = {
			isa = XCConfigurationList;
			buildConfigurations = (
				3FF010232C09627F00A1A375 /* Debug */,
				3FF010242C09627F00A1A375 /* Release */,
			);
			defaultConfigurationIsVisible = 0;
			defaultConfigurationName = Release;
		};
/* End XCConfigurationList section */
	};
	rootObject = 04CF61D42BFF78090053FA09 /* Project object */;
}
